
Microsoft Visual Studio Solution File, Format Version 12.00
# Visual Studio Version 17
VisualStudioVersion = 17.3.32929.385
MinimumVisualStudioVersion = 10.0.40219.1
Project("{FAE04EC0-301F-11D3-BF4B-00C04F79EFBC}") = "alpro week 10 2", "alpro week 10 2\alpro week 10 2.csproj", "{880566B0-3D0B-4BAB-AA12-6FA132143E64}"
EndProject
Global
	GlobalSection(SolutionConfigurationPlatforms) = preSolution
		Debug|Any CPU = Debug|Any CPU
		Release|Any CPU = Release|Any CPU
	EndGlobalSection
	GlobalSection(ProjectConfigurationPlatforms) = postSolution
		{880566B0-3D0B-4BAB-AA12-6FA132143E64}.Debug|Any CPU.ActiveCfg = Debug|Any CPU
		{880566B0-3D0B-4BAB-AA12-6FA132143E64}.Debug|Any CPU.Build.0 = Debug|Any CPU
		{880566B0-3D0B-4BAB-AA12-6FA132143E64}.Release|Any CPU.ActiveCfg = Release|Any CPU
		{880566B0-3D0B-4BAB-AA12-6FA132143E64}.Release|Any CPU.Build.0 = Release|Any CPU
	EndGlobalSection
	GlobalSection(SolutionProperties) = preSolution
		HideSolutionNode = FALSE
	EndGlobalSection
	GlobalSection(ExtensibilityGlobals) = postSolution
		SolutionGuid = {35ADCEB6-B1AF-41DC-8484-55C09A72E009}
	EndGlobalSection
EndGlobal
